
Microsoft Visual Studio Solution File, Format Version 12.00
# Visual Studio Version 17
VisualStudioVersion = 17.4.33122.133
MinimumVisualStudioVersion = 10.0.40219.1
Project("{FAE04EC0-301F-11D3-BF4B-00C04F79EFBC}") = "ConsoleGenericDemo", "ConsoleGenericDemo.csproj", "{5B21B040-B71D-473B-8798-B26722DDE999}"
EndProject
Global
	GlobalSection(SolutionConfigurationPlatforms) = preSolution
		Debug|Any CPU = Debug|Any CPU
		Release|Any CPU = Release|Any CPU
	EndGlobalSection
	GlobalSection(ProjectConfigurationPlatforms) = postSolution
		{5B21B040-B71D-473B-8798-B26722DDE999}.Debug|Any CPU.ActiveCfg = Debug|Any CPU
		{5B21B040-B71D-473B-8798-B26722DDE999}.Debug|Any CPU.Build.0 = Debug|Any CPU
		{5B21B040-B71D-473B-8798-B26722DDE999}.Release|Any CPU.ActiveCfg = Release|Any CPU
		{5B21B040-B71D-473B-8798-B26722DDE999}.Release|Any CPU.Build.0 = Release|Any CPU
	EndGlobalSection
	GlobalSection(SolutionProperties) = preSolution
		HideSolutionNode = FALSE
	EndGlobalSection
	GlobalSection(ExtensibilityGlobals) = postSolution
		SolutionGuid = {EF47B907-45C7-4EB6-8349-B0EB93FBA1AB}
	EndGlobalSection
EndGlobal
