
Microsoft Visual Studio Solution File, Format Version 12.00
# Visual Studio Version 17
VisualStudioVersion = 17.4.33122.133
MinimumVisualStudioVersion = 10.0.40219.1
Project("{9A19103F-16F7-4668-BE54-9A1E7A4F7556}") = "ConsoleGenericDemo", "ConsoleGenericDemo.csproj", "{5B21B040-B71D-473B-8798-B26722DDE999}"
EndProject
Project("{9A19103F-16F7-4668-BE54-9A1E7A4F7556}") = "ConsoleThread", "..\ConsoleThread\ConsoleThread.csproj", "{3088BAD7-554D-4793-97AF-AAF7567262EE}"
EndProject
Project("{9A19103F-16F7-4668-BE54-9A1E7A4F7556}") = "ConsoleComputInfo", "..\ConsoleComputInfo\ConsoleComputInfo.csproj", "{FBEFC183-B550-4F1A-9962-74512F79E176}"
EndProject
Project("{9A19103F-16F7-4668-BE54-9A1E7A4F7556}") = "ConsoleTask", "..\ConsoleTask\ConsoleTask.csproj", "{D699716B-93C6-490B-B88D-DEF1B4DB9E3D}"
EndProject
Project("{FAE04EC0-301F-11D3-BF4B-00C04F79EFBC}") = "ConsoleFramework", "..\ConsoleFramework\ConsoleFramework.csproj", "{3FF31023-2431-4BCA-9B49-AE07856CC3BC}"
EndProject
Global
	GlobalSection(SolutionConfigurationPlatforms) = preSolution
		Debug|Any CPU = Debug|Any CPU
		Release|Any CPU = Release|Any CPU
	EndGlobalSection
	GlobalSection(ProjectConfigurationPlatforms) = postSolution
		{5B21B040-B71D-473B-8798-B26722DDE999}.Debug|Any CPU.ActiveCfg = Debug|Any CPU
		{5B21B040-B71D-473B-8798-B26722DDE999}.Debug|Any CPU.Build.0 = Debug|Any CPU
		{5B21B040-B71D-473B-8798-B26722DDE999}.Release|Any CPU.ActiveCfg = Release|Any CPU
		{5B21B040-B71D-473B-8798-B26722DDE999}.Release|Any CPU.Build.0 = Release|Any CPU
		{3088BAD7-554D-4793-97AF-AAF7567262EE}.Debug|Any CPU.ActiveCfg = Debug|Any CPU
		{3088BAD7-554D-4793-97AF-AAF7567262EE}.Debug|Any CPU.Build.0 = Debug|Any CPU
		{3088BAD7-554D-4793-97AF-AAF7567262EE}.Release|Any CPU.ActiveCfg = Release|Any CPU
		{3088BAD7-554D-4793-97AF-AAF7567262EE}.Release|Any CPU.Build.0 = Release|Any CPU
		{FBEFC183-B550-4F1A-9962-74512F79E176}.Debug|Any CPU.ActiveCfg = Debug|Any CPU
		{FBEFC183-B550-4F1A-9962-74512F79E176}.Debug|Any CPU.Build.0 = Debug|Any CPU
		{FBEFC183-B550-4F1A-9962-74512F79E176}.Release|Any CPU.ActiveCfg = Release|Any CPU
		{FBEFC183-B550-4F1A-9962-74512F79E176}.Release|Any CPU.Build.0 = Release|Any CPU
		{D699716B-93C6-490B-B88D-DEF1B4DB9E3D}.Debug|Any CPU.ActiveCfg = Debug|Any CPU
		{D699716B-93C6-490B-B88D-DEF1B4DB9E3D}.Debug|Any CPU.Build.0 = Debug|Any CPU
		{D699716B-93C6-490B-B88D-DEF1B4DB9E3D}.Release|Any CPU.ActiveCfg = Release|Any CPU
		{D699716B-93C6-490B-B88D-DEF1B4DB9E3D}.Release|Any CPU.Build.0 = Release|Any CPU
		{3FF31023-2431-4BCA-9B49-AE07856CC3BC}.Debug|Any CPU.ActiveCfg = Debug|Any CPU
		{3FF31023-2431-4BCA-9B49-AE07856CC3BC}.Debug|Any CPU.Build.0 = Debug|Any CPU
		{3FF31023-2431-4BCA-9B49-AE07856CC3BC}.Release|Any CPU.ActiveCfg = Release|Any CPU
		{3FF31023-2431-4BCA-9B49-AE07856CC3BC}.Release|Any CPU.Build.0 = Release|Any CPU
	EndGlobalSection
	GlobalSection(SolutionProperties) = preSolution
		HideSolutionNode = FALSE
	EndGlobalSection
	GlobalSection(ExtensibilityGlobals) = postSolution
		SolutionGuid = {EF47B907-45C7-4EB6-8349-B0EB93FBA1AB}
	EndGlobalSection
EndGlobal
